{
  "name": "promptops",
  "version": "0.1.0",
  "lockfileVersion": 3,
  "requires": true,
  "packages": {
    "": {
      "name": "promptops",
      "version": "0.1.0",
      "workspaces": [
        "apps/*",
        "services/*",
        "packages/*"
      ],
      "devDependencies": {
        "typescript": "^5.9.3"
      }
    },
    "apps/api-gateway": {
      "name": "@promptops/api-gateway",
      "version": "0.1.0",
      "dependencies": {
        "@promptops/shared-types": "0.1.0"
      }
    },
    "apps/web": {
      "name": "@promptops/web",
      "version": "0.1.0",
      "dependencies": {
        "@promptops/shared-types": "0.1.0"
      }
    },
    "node_modules/@promptops/api-gateway": {
      "resolved": "apps/api-gateway",
      "link": true
    },
    "node_modules/@promptops/config": {
      "resolved": "packages/config",
      "link": true
    },
    "node_modules/@promptops/deploy": {
      "resolved": "services/deploy",
      "link": true
    },
    "node_modules/@promptops/generator": {
      "resolved": "services/generator",
      "link": true
    },
    "node_modules/@promptops/orchestrator": {
      "resolved": "services/orchestrator",
      "link": true
    },
    "node_modules/@promptops/shared-types": {
      "resolved": "packages/shared-types",
      "link": true
    },
    "node_modules/@promptops/ui": {
      "resolved": "packages/ui",
      "link": true
    },
    "node_modules/@promptops/web": {
      "resolved": "apps/web",
      "link": true
    },
    "node_modules/typescript": {
      "version": "5.9.3",
      "resolved": "https://registry.npmjs.org/typescript/-/typescript-5.9.3.tgz",
      "integrity": "sha512-jl1vZzPDinLr9eUt3J/t7V6FgNEw9QjvBPdysz9KfQDD41fQrC2Y4vKQdiaUpFT4bXlb1RHhLpp8wtm6M5TgSw==",
      "dev": true,
      "license": "Apache-2.0",
      "bin": {
        "tsc": "bin/tsc",
        "tsserver": "bin/tsserver"
      },
      "engines": {
        "node": ">=14.17"
      }
    },
    "packages/config": {
      "name": "@promptops/config",
      "version": "0.1.0"
    },
    "packages/shared-types": {
      "name": "@promptops/shared-types",
      "version": "0.1.0"
    },
    "packages/ui": {
      "name": "@promptops/ui",
      "version": "0.1.0"
    },
    "services/deploy": {
      "name": "@promptops/deploy",
      "version": "0.1.0",
      "dependencies": {
        "@promptops/shared-types": "0.1.0"
      }
    },
    "services/generator": {
      "name": "@promptops/generator",
      "version": "0.1.0",
      "dependencies": {
        "@promptops/shared-types": "0.1.0"
      }
    },
    "services/orchestrator": {
      "name": "@promptops/orchestrator",
      "version": "0.1.0",
      "dependencies": {
        "@promptops/shared-types": "0.1.0"
      }
    }
  }
}
